
Microsoft Visual Studio Solution File, Format Version 12.00
# Visual Studio Version 16
VisualStudioVersion = 16.0.33423.256
MinimumVisualStudioVersion = 10.0.40219.1
Project("{FAE04EC0-301F-11D3-BF4B-00C04F79EFBC}") = "AutomationExercise", "AutomationExercise\AutomationExercise.csproj", "{FEBE2867-1897-4664-A44C-80B2B4F99D58}"
EndProject
Global
	GlobalSection(SolutionConfigurationPlatforms) = preSolution
		Debug|Any CPU = Debug|Any CPU
		Release|Any CPU = Release|Any CPU
	EndGlobalSection
	GlobalSection(ProjectConfigurationPlatforms) = postSolution
		{FEBE2867-1897-4664-A44C-80B2B4F99D58}.Debug|Any CPU.ActiveCfg = Debug|Any CPU
		{FEBE2867-1897-4664-A44C-80B2B4F99D58}.Debug|Any CPU.Build.0 = Debug|Any CPU
		{FEBE2867-1897-4664-A44C-80B2B4F99D58}.Release|Any CPU.ActiveCfg = Release|Any CPU
		{FEBE2867-1897-4664-A44C-80B2B4F99D58}.Release|Any CPU.Build.0 = Release|Any CPU
	EndGlobalSection
	GlobalSection(SolutionProperties) = preSolution
		HideSolutionNode = FALSE
	EndGlobalSection
	GlobalSection(ExtensibilityGlobals) = postSolution
		SolutionGuid = {2619C54F-29FA-4401-95E7-D49E81287951}
	EndGlobalSection
EndGlobal
